// !$*UTF8*$!
{
	archiveVersion = 1;
	classes = {
	};
	objectVersion = 46;
	objects = {

/* Begin PBXBuildFile section */
		505233C91EC56B8600CD78A5 /* TCPageView.swift in Sources */ = {isa = PBXBuildFile; fileRef = 505233C81EC56B8600CD78A5 /* TCPageView.swift */; };
		505233CD1EC56BE500CD78A5 /* TCContentView.swift in Sources */ = {isa = PBXBuildFile; fileRef = 505233CC1EC56BE500CD78A5 /* TCContentView.swift */; };
		505233CF1EC56C4B00CD78A5 /* TCHeaderStyle.swift in Sources */ = {isa = PBXBuildFile; fileRef = 505233CE1EC56C4B00CD78A5 /* TCHeaderStyle.swift */; };
		505233D11EC582AC00CD78A5 /* TCHeaderView.swift in Sources */ = {isa = PBXBuildFile; fileRef = 505233D01EC582AC00CD78A5 /* TCHeaderView.swift */; };
		509539781EC309B100DD8D0A /* AppDelegate.swift in Sources */ = {isa = PBXBuildFile; fileRef = 509539771EC309B100DD8D0A /* AppDelegate.swift */; };
		5095397A1EC309B100DD8D0A /* ViewController.swift in Sources */ = {isa = PBXBuildFile; fileRef = 509539791EC309B100DD8D0A /* ViewController.swift */; };
		5095397D1EC309B100DD8D0A /* Main.storyboard in Resources */ = {isa = PBXBuildFile; fileRef = 5095397B1EC309B100DD8D0A /* Main.storyboard */; };
		5095397F1EC309B100DD8D0A /* Assets.xcassets in Resources */ = {isa = PBXBuildFile; fileRef = 5095397E1EC309B100DD8D0A /* Assets.xcassets */; };
		509539821EC309B100DD8D0A /* LaunchScreen.storyboard in Resources */ = {isa = PBXBuildFile; fileRef = 509539801EC309B100DD8D0A /* LaunchScreen.storyboard */; };
		5095398D1EC309B100DD8D0A /* TCPageViewProjectTests.swift in Sources */ = {isa = PBXBuildFile; fileRef = 5095398C1EC309B100DD8D0A /* TCPageViewProjectTests.swift */; };
		509539981EC309B100DD8D0A /* TCPageViewProjectUITests.swift in Sources */ = {isa = PBXBuildFile; fileRef = 509539971EC309B100DD8D0A /* TCPageViewProjectUITests.swift */; };
/* End PBXBuildFile section */

/* Begin PBXContainerItemProxy section */
		509539891EC309B100DD8D0A /* PBXContainerItemProxy */ = {
			isa = PBXContainerItemProxy;
			containerPortal = 5095396C1EC309B100DD8D0A /* Project object */;
			proxyType = 1;
			remoteGlobalIDString = 509539731EC309B100DD8D0A;
			remoteInfo = TCPageViewProject;
		};
		509539941EC309B100DD8D0A /* PBXContainerItemProxy */ = {
			isa = PBXContainerItemProxy;
			containerPortal = 5095396C1EC309B100DD8D0A /* Project object */;
			proxyType = 1;
			remoteGlobalIDString = 509539731EC309B100DD8D0A;
			remoteInfo = TCPageViewProject;
		};
/* End PBXContainerItemProxy section */

/* Begin PBXFileReference section */
		505233C81EC56B8600CD78A5 /* TCPageView.swift */ = {isa = PBXFileReference; fileEncoding = 4; lastKnownFileType = sourcecode.swift; path = TCPageView.swift; sourceTree = "<group>"; };
		505233CC1EC56BE500CD78A5 /* TCContentView.swift */ = {isa = PBXFileReference; fileEncoding = 4; lastKnownFileType = sourcecode.swift; path = TCContentView.swift; sourceTree = "<group>"; };
		505233CE1EC56C4B00CD78A5 /* TCHeaderStyle.swift */ = {isa = PBXFileReference; fileEncoding = 4; lastKnownFileType = sourcecode.swift; path = TCHeaderStyle.swift; sourceTree = "<group>"; };
		505233D01EC582AC00CD78A5 /* TCHeaderView.swift */ = {isa = PBXFileReference; fileEncoding = 4; lastKnownFileType = sourcecode.swift; path = TCHeaderView.swift; sourceTree = "<group>"; };
		509539741EC309B100DD8D0A /* TCPageViewProject.app */ = {isa = PBXFileReference; explicitFileType = wrapper.application; includeInIndex = 0; path = TCPageViewProject.app; sourceTree = BUILT_PRODUCTS_DIR; };
		509539771EC309B100DD8D0A /* AppDelegate.swift */ = {isa = PBXFileReference; lastKnownFileType = sourcecode.swift; path = AppDelegate.swift; sourceTree = "<group>"; };
		509539791EC309B100DD8D0A /* ViewController.swift */ = {isa = PBXFileReference; lastKnownFileType = sourcecode.swift; path = ViewController.swift; sourceTree = "<group>"; };
		5095397C1EC309B100DD8D0A /* Base */ = {isa = PBXFileReference; lastKnownFileType = file.storyboard; name = Base; path = Base.lproj/Main.storyboard; sourceTree = "<group>"; };
		5095397E1EC309B100DD8D0A /* Assets.xcassets */ = {isa = PBXFileReference; lastKnownFileType = folder.assetcatalog; path = Assets.xcassets; sourceTree = "<group>"; };
		509539811EC309B100DD8D0A /* Base */ = {isa = PBXFileReference; lastKnownFileType = file.storyboard; name = Base; path = Base.lproj/LaunchScreen.storyboard; sourceTree = "<group>"; };
		509539831EC309B100DD8D0A /* Info.plist */ = {isa = PBXFileReference; lastKnownFileType = text.plist.xml; path = Info.plist; sourceTree = "<group>"; };
		509539881EC309B100DD8D0A /* TCPageViewProjectTests.xctest */ = {isa = PBXFileReference; explicitFileType = wrapper.cfbundle; includeInIndex = 0; path = TCPageViewProjectTests.xctest; sourceTree = BUILT_PRODUCTS_DIR; };
		5095398C1EC309B100DD8D0A /* TCPageViewProjectTests.swift */ = {isa = PBXFileReference; lastKnownFileType = sourcecode.swift; path = TCPageViewProjectTests.swift; sourceTree = "<group>"; };
		5095398E1EC309B100DD8D0A /* Info.plist */ = {isa = PBXFileReference; lastKnownFileType = text.plist.xml; path = Info.plist; sourceTree = "<group>"; };
		509539931EC309B100DD8D0A /* TCPageViewProjectUITests.xctest */ = {isa = PBXFileReference; explicitFileType = wrapper.cfbundle; includeInIndex = 0; path = TCPageViewProjectUITests.xctest; sourceTree = BUILT_PRODUCTS_DIR; };
		509539971EC309B100DD8D0A /* TCPageViewProjectUITests.swift */ = {isa = PBXFileReference; lastKnownFileType = sourcecode.swift; path = TCPageViewProjectUITests.swift; sourceTree = "<group>"; };
		509539991EC309B100DD8D0A /* Info.plist */ = {isa = PBXFileReference; lastKnownFileType = text.plist.xml; path = Info.plist; sourceTree = "<group>"; };
/* End PBXFileReference section */

/* Begin PBXFrameworksBuildPhase section */
		509539711EC309B100DD8D0A /* Frameworks */ = {
			isa = PBXFrameworksBuildPhase;
			buildActionMask = 2147483647;
			files = (
			);
			runOnlyForDeploymentPostprocessing = 0;
		};
		509539851EC309B100DD8D0A /* Frameworks */ = {
			isa = PBXFrameworksBuildPhase;
			buildActionMask = 2147483647;
			files = (
			);
			runOnlyForDeploymentPostprocessing = 0;
		};
		509539901EC309B100DD8D0A /* Frameworks */ = {
			isa = PBXFrameworksBuildPhase;
			buildActionMask = 2147483647;
			files = (
			);
			runOnlyForDeploymentPostprocessing = 0;
		};
/* End PBXFrameworksBuildPhase section */

/* Begin PBXGroup section */
		5095396B1EC309B100DD8D0A = {
			isa = PBXGroup;
			children = (
				509539A51EC309CA00DD8D0A /* TCPageView */,
				509539761EC309B100DD8D0A /* TCPageViewProject */,
				5095398B1EC309B100DD8D0A /* TCPageViewProjectTests */,
				509539961EC309B100DD8D0A /* TCPageViewProjectUITests */,
				509539751EC309B100DD8D0A /* Products */,
			);
			sourceTree = "<group>";
		};
		509539751EC309B100DD8D0A /* Products */ = {
			isa = PBXGroup;
			children = (
				509539741EC309B100DD8D0A /* TCPageViewProject.app */,
				509539881EC309B100DD8D0A /* TCPageViewProjectTests.xctest */,
				509539931EC309B100DD8D0A /* TCPageViewProjectUITests.xctest */,
			);
			name = Products;
			sourceTree = "<group>";
		};
		509539761EC309B100DD8D0A /* TCPageViewProject */ = {
			isa = PBXGroup;
			children = (
				509539771EC309B100DD8D0A /* AppDelegate.swift */,
				509539791EC309B100DD8D0A /* ViewController.swift */,
				5095397B1EC309B100DD8D0A /* Main.storyboard */,
				5095397E1EC309B100DD8D0A /* Assets.xcassets */,
				509539801EC309B100DD8D0A /* LaunchScreen.storyboard */,
				509539831EC309B100DD8D0A /* Info.plist */,
			);
			path = TCPageViewProject;
			sourceTree = "<group>";
		};
		5095398B1EC309B100DD8D0A /* TCPageViewProjectTests */ = {
			isa = PBXGroup;
			children = (
				5095398C1EC309B100DD8D0A /* TCPageViewProjectTests.swift */,
				5095398E1EC309B100DD8D0A /* Info.plist */,
			);
			path = TCPageViewProjectTests;
			sourceTree = "<group>";
		};
		509539961EC309B100DD8D0A /* TCPageViewProjectUITests */ = {
			isa = PBXGroup;
			children = (
				509539971EC309B100DD8D0A /* TCPageViewProjectUITests.swift */,
				509539991EC309B100DD8D0A /* Info.plist */,
			);
			path = TCPageViewProjectUITests;
			sourceTree = "<group>";
		};
		509539A51EC309CA00DD8D0A /* TCPageView */ = {
			isa = PBXGroup;
			children = (
				505233C81EC56B8600CD78A5 /* TCPageView.swift */,
				505233D01EC582AC00CD78A5 /* TCHeaderView.swift */,
				505233CC1EC56BE500CD78A5 /* TCContentView.swift */,
				505233CE1EC56C4B00CD78A5 /* TCHeaderStyle.swift */,
			);
			path = TCPageView;
			sourceTree = "<group>";
		};
/* End PBXGroup section */

/* Begin PBXNativeTarget section */
		509539731EC309B100DD8D0A /* TCPageViewProject */ = {
			isa = PBXNativeTarget;
			buildConfigurationList = 5095399C1EC309B100DD8D0A /* Build configuration list for PBXNativeTarget "TCPageViewProject" */;
			buildPhases = (
				509539701EC309B100DD8D0A /* Sources */,
				509539711EC309B100DD8D0A /* Frameworks */,
				509539721EC309B100DD8D0A /* Resources */,
			);
			buildRules = (
			);
			dependencies = (
			);
			name = TCPageViewProject;
			productName = TCPageViewProject;
			productReference = 509539741EC309B100DD8D0A /* TCPageViewProject.app */;
			productType = "com.apple.product-type.application";
		};
		509539871EC309B100DD8D0A /* TCPageViewProjectTests */ = {
			isa = PBXNativeTarget;
			buildConfigurationList = 5095399F1EC309B100DD8D0A /* Build configuration list for PBXNativeTarget "TCPageViewProjectTests" */;
			buildPhases = (
				509539841EC309B100DD8D0A /* Sources */,
				509539851EC309B100DD8D0A /* Frameworks */,
				509539861EC309B100DD8D0A /* Resources */,
			);
			buildRules = (
			);
			dependencies = (
				5095398A1EC309B100DD8D0A /* PBXTargetDependency */,
			);
			name = TCPageViewProjectTests;
			productName = TCPageViewProjectTests;
			productReference = 509539881EC309B100DD8D0A /* TCPageViewProjectTests.xctest */;
			productType = "com.apple.product-type.bundle.unit-test";
		};
		509539921EC309B100DD8D0A /* TCPageViewProjectUITests */ = {
			isa = PBXNativeTarget;
			buildConfigurationList = 509539A21EC309B100DD8D0A /* Build configuration list for PBXNativeTarget "TCPageViewProjectUITests" */;
			buildPhases = (
				5095398F1EC309B100DD8D0A /* Sources */,
				509539901EC309B100DD8D0A /* Frameworks */,
				509539911EC309B100DD8D0A /* Resources */,
			);
			buildRules = (
			);
			dependencies = (
				509539951EC309B100DD8D0A /* PBXTargetDependency */,
			);
			name = TCPageViewProjectUITests;
			productName = TCPageViewProjectUITests;
			productReference = 509539931EC309B100DD8D0A /* TCPageViewProjectUITests.xctest */;
			productType = "com.apple.product-type.bundle.ui-testing";
		};
/* End PBXNativeTarget section */

/* Begin PBXProject section */
		5095396C1EC309B100DD8D0A /* Project object */ = {
			isa = PBXProject;
			attributes = {
				CLASSPREFIX = TC;
				LastSwiftUpdateCheck = 0830;
				LastUpgradeCheck = 0830;
				ORGANIZATIONNAME = tardis_cxx;
				TargetAttributes = {
					509539731EC309B100DD8D0A = {
						CreatedOnToolsVersion = 8.3.2;
						ProvisioningStyle = Automatic;
					};
					509539871EC309B100DD8D0A = {
						CreatedOnToolsVersion = 8.3.2;
						ProvisioningStyle = Automatic;
						TestTargetID = 509539731EC309B100DD8D0A;
					};
					509539921EC309B100DD8D0A = {
						CreatedOnToolsVersion = 8.3.2;
						ProvisioningStyle = Automatic;
						TestTargetID = 509539731EC309B100DD8D0A;
					};
				};
			};
			buildConfigurationList = 5095396F1EC309B100DD8D0A /* Build configuration list for PBXProject "TCPageViewProject" */;
			compatibilityVersion = "Xcode 3.2";
			developmentRegion = English;
			hasScannedForEncodings = 0;
			knownRegions = (
				en,
				Base,
			);
			mainGroup = 5095396B1EC309B100DD8D0A;
			productRefGroup = 509539751EC309B100DD8D0A /* Products */;
			projectDirPath = "";
			projectRoot = "";
			targets = (
				509539731EC309B100DD8D0A /* TCPageViewProject */,
				509539871EC309B100DD8D0A /* TCPageViewProjectTests */,
				509539921EC309B100DD8D0A /* TCPageViewProjectUITests */,
			);
		};
/* End PBXProject section */

/* Begin PBXResourcesBuildPhase section */
		509539721EC309B100DD8D0A /* Resources */ = {
			isa = PBXResourcesBuildPhase;
			buildActionMask = 2147483647;
			files = (
				509539821EC309B100DD8D0A /* LaunchScreen.storyboard in Resources */,
				5095397F1EC309B100DD8D0A /* Assets.xcassets in Resources */,
				5095397D1EC309B100DD8D0A /* Main.storyboard in Resources */,
			);
			runOnlyForDeploymentPostprocessing = 0;
		};
		509539861EC309B100DD8D0A /* Resources */ = {
			isa = PBXResourcesBuildPhase;
			buildActionMask = 2147483647;
			files = (
			);
			runOnlyForDeploymentPostprocessing = 0;
		};
		509539911EC309B100DD8D0A /* Resources */ = {
			isa = PBXResourcesBuildPhase;
			buildActionMask = 2147483647;
			files = (
			);
			runOnlyForDeploymentPostprocessing = 0;
		};
/* End PBXResourcesBuildPhase section */

/* Begin PBXSourcesBuildPhase section */
		509539701EC309B100DD8D0A /* Sources */ = {
			isa = PBXSourcesBuildPhase;
			buildActionMask = 2147483647;
			files = (
				5095397A1EC309B100DD8D0A /* ViewController.swift in Sources */,
				505233C91EC56B8600CD78A5 /* TCPageView.swift in Sources */,
				509539781EC309B100DD8D0A /* AppDelegate.swift in Sources */,
				505233CD1EC56BE500CD78A5 /* TCContentView.swift in Sources */,
				505233D11EC582AC00CD78A5 /* TCHeaderView.swift in Sources */,
				505233CF1EC56C4B00CD78A5 /* TCHeaderStyle.swift in Sources */,
			);
			runOnlyForDeploymentPostprocessing = 0;
		};
		509539841EC309B100DD8D0A /* Sources */ = {
			isa = PBXSourcesBuildPhase;
			buildActionMask = 2147483647;
			files = (
				5095398D1EC309B100DD8D0A /* TCPageViewProjectTests.swift in Sources */,
			);
			runOnlyForDeploymentPostprocessing = 0;
		};
		5095398F1EC309B100DD8D0A /* Sources */ = {
			isa = PBXSourcesBuildPhase;
			buildActionMask = 2147483647;
			files = (
				509539981EC309B100DD8D0A /* TCPageViewProjectUITests.swift in Sources */,
			);
			runOnlyForDeploymentPostprocessing = 0;
		};
/* End PBXSourcesBuildPhase section */

/* Begin PBXTargetDependency section */
		5095398A1EC309B100DD8D0A /* PBXTargetDependency */ = {
			isa = PBXTargetDependency;
			target = 509539731EC309B100DD8D0A /* TCPageViewProject */;
			targetProxy = 509539891EC309B100DD8D0A /* PBXContainerItemProxy */;
		};
		509539951EC309B100DD8D0A /* PBXTargetDependency */ = {
			isa = PBXTargetDependency;
			target = 509539731EC309B100DD8D0A /* TCPageViewProject */;
			targetProxy = 509539941EC309B100DD8D0A /* PBXContainerItemProxy */;
		};
/* End PBXTargetDependency section */

/* Begin PBXVariantGroup section */
		5095397B1EC309B100DD8D0A /* Main.storyboard */ = {
			isa = PBXVariantGroup;
			children = (
				5095397C1EC309B100DD8D0A /* Base */,
			);
			name = Main.storyboard;
			sourceTree = "<group>";
		};
		509539801EC309B100DD8D0A /* LaunchScreen.storyboard */ = {
			isa = PBXVariantGroup;
			children = (
				509539811EC309B100DD8D0A /* Base */,
			);
			name = LaunchScreen.storyboard;
			sourceTree = "<group>";
		};
/* End PBXVariantGroup section */

/* Begin XCBuildConfiguration section */
		5095399A1EC309B100DD8D0A /* Debug */ = {
			isa = XCBuildConfiguration;
			buildSettings = {
				ALWAYS_SEARCH_USER_PATHS = NO;
				CLANG_ANALYZER_NONNULL = YES;
				CLANG_ANALYZER_NUMBER_OBJECT_CONVERSION = YES_AGGRESSIVE;
				CLANG_CXX_LANGUAGE_STANDARD = "gnu++0x";
				CLANG_CXX_LIBRARY = "libc++";
				CLANG_ENABLE_MODULES = YES;
				CLANG_ENABLE_OBJC_ARC = YES;
				CLANG_WARN_BOOL_CONVERSION = YES;
				CLANG_WARN_CONSTANT_CONVERSION = YES;
				CLANG_WARN_DIRECT_OBJC_ISA_USAGE = YES_ERROR;
				CLANG_WARN_DOCUMENTATION_COMMENTS = YES;
				CLANG_WARN_EMPTY_BODY = YES;
				CLANG_WARN_ENUM_CONVERSION = YES;
				CLANG_WARN_INFINITE_RECURSION = YES;
				CLANG_WARN_INT_CONVERSION = YES;
				CLANG_WARN_OBJC_ROOT_CLASS = YES_ERROR;
				CLANG_WARN_SUSPICIOUS_MOVE = YES;
				CLANG_WARN_UNREACHABLE_CODE = YES;
				CLANG_WARN__DUPLICATE_METHOD_MATCH = YES;
				"CODE_SIGN_IDENTITY[sdk=iphoneos*]" = "iPhone Developer";
				COPY_PHASE_STRIP = NO;
				DEBUG_INFORMATION_FORMAT = dwarf;
				ENABLE_STRICT_OBJC_MSGSEND = YES;
				ENABLE_TESTABILITY = YES;
				GCC_C_LANGUAGE_STANDARD = gnu99;
				GCC_DYNAMIC_NO_PIC = NO;
				GCC_NO_COMMON_BLOCKS = YES;
				GCC_OPTIMIZATION_LEVEL = 0;
				GCC_PREPROCESSOR_DEFINITIONS = (
					"DEBUG=1",
					"$(inherited)",
				);
				GCC_WARN_64_TO_32_BIT_CONVERSION = YES;
				GCC_WARN_ABOUT_RETURN_TYPE = YES_ERROR;
				GCC_WARN_UNDECLARED_SELECTOR = YES;
				GCC_WARN_UNINITIALIZED_AUTOS = YES_AGGRESSIVE;
				GCC_WARN_UNUSED_FUNCTION = YES;
				GCC_WARN_UNUSED_VARIABLE = YES;
				IPHONEOS_DEPLOYMENT_TARGET = 10.3;
				MTL_ENABLE_DEBUG_INFO = YES;
				ONLY_ACTIVE_ARCH = YES;
				SDKROOT = iphoneos;
				SWIFT_ACTIVE_COMPILATION_CONDITIONS = DEBUG;
				SWIFT_OPTIMIZATION_LEVEL = "-Onone";
			};
			name = Debug;
		};
		5095399B1EC309B100DD8D0A /* Release */ = {
			isa = XCBuildConfiguration;
			buildSettings = {
				ALWAYS_SEARCH_USER_PATHS = NO;
				CLANG_ANALYZER_NONNULL = YES;
				CLANG_ANALYZER_NUMBER_OBJECT_CONVERSION = YES_AGGRESSIVE;
				CLANG_CXX_LANGUAGE_STANDARD = "gnu++0x";
				CLANG_CXX_LIBRARY = "libc++";
				CLANG_ENABLE_MODULES = YES;
				CLANG_ENABLE_OBJC_ARC = YES;
				CLANG_WARN_BOOL_CONVERSION = YES;
				CLANG_WARN_CONSTANT_CONVERSION = YES;
				CLANG_WARN_DIRECT_OBJC_ISA_USAGE = YES_ERROR;
				CLANG_WARN_DOCUMENTATION_COMMENTS = YES;
				CLANG_WARN_EMPTY_BODY = YES;
				CLANG_WARN_ENUM_CONVERSION = YES;
				CLANG_WARN_INFINITE_RECURSION = YES;
				CLANG_WARN_INT_CONVERSION = YES;
				CLANG_WARN_OBJC_ROOT_CLASS = YES_ERROR;
				CLANG_WARN_SUSPICIOUS_MOVE = YES;
				CLANG_WARN_UNREACHABLE_CODE = YES;
				CLANG_WARN__DUPLICATE_METHOD_MATCH = YES;
				"CODE_SIGN_IDENTITY[sdk=iphoneos*]" = "iPhone Developer";
				COPY_PHASE_STRIP = NO;
				DEBUG_INFORMATION_FORMAT = "dwarf-with-dsym";
				ENABLE_NS_ASSERTIONS = NO;
				ENABLE_STRICT_OBJC_MSGSEND = YES;
				GCC_C_LANGUAGE_STANDARD = gnu99;
				GCC_NO_COMMON_BLOCKS = YES;
				GCC_WARN_64_TO_32_BIT_CONVERSION = YES;
				GCC_WARN_ABOUT_RETURN_TYPE = YES_ERROR;
				GCC_WARN_UNDECLARED_SELECTOR = YES;
				GCC_WARN_UNINITIALIZED_AUTOS = YES_AGGRESSIVE;
				GCC_WARN_UNUSED_FUNCTION = YES;
				GCC_WARN_UNUSED_VARIABLE = YES;
				IPHONEOS_DEPLOYMENT_TARGET = 10.3;
				MTL_ENABLE_DEBUG_INFO = NO;
				SDKROOT = iphoneos;
				SWIFT_OPTIMIZATION_LEVEL = "-Owholemodule";
				VALIDATE_PRODUCT = YES;
			};
			name = Release;
		};
		5095399D1EC309B100DD8D0A /* Debug */ = {
			isa = XCBuildConfiguration;
			buildSettings = {
				ASSETCATALOG_COMPILER_APPICON_NAME = AppIcon;
				INFOPLIST_FILE = TCPageViewProject/Info.plist;
				LD_RUNPATH_SEARCH_PATHS = "$(inherited) @executable_path/Frameworks";
				PRODUCT_BUNDLE_IDENTIFIER = "com.tardis-cxx.TCPageViewProject";
				PRODUCT_NAME = "$(TARGET_NAME)";
				SWIFT_VERSION = 3.0;
			};
			name = Debug;
		};
		5095399E1EC309B100DD8D0A /* Release */ = {
			isa = XCBuildConfiguration;
			buildSettings = {
				ASSETCATALOG_COMPILER_APPICON_NAME = AppIcon;
				INFOPLIST_FILE = TCPageViewProject/Info.plist;
				LD_RUNPATH_SEARCH_PATHS = "$(inherited) @executable_path/Frameworks";
				PRODUCT_BUNDLE_IDENTIFIER = "com.tardis-cxx.TCPageViewProject";
				PRODUCT_NAME = "$(TARGET_NAME)";
				SWIFT_VERSION = 3.0;
			};
			name = Release;
		};
		509539A01EC309B100DD8D0A /* Debug */ = {
			isa = XCBuildConfiguration;
			buildSettings = {
				ALWAYS_EMBED_SWIFT_STANDARD_LIBRARIES = YES;
				BUNDLE_LOADER = "$(TEST_HOST)";
				INFOPLIST_FILE = TCPageViewProjectTests/Info.plist;
				LD_RUNPATH_SEARCH_PATHS = "$(inherited) @executable_path/Frameworks @loader_path/Frameworks";
				PRODUCT_BUNDLE_IDENTIFIER = "com.tardis-cxx.TCPageViewProjectTests";
				PRODUCT_NAME = "$(TARGET_NAME)";
				SWIFT_VERSION = 3.0;
				TEST_HOST = "$(BUILT_PRODUCTS_DIR)/TCPageViewProject.app/TCPageViewProject";
			};
			name = Debug;
		};
		509539A11EC309B100DD8D0A /* Release */ = {
			isa = XCBuildConfiguration;
			buildSettings = {
				ALWAYS_EMBED_SWIFT_STANDARD_LIBRARIES = YES;
				BUNDLE_LOADER = "$(TEST_HOST)";
				INFOPLIST_FILE = TCPageViewProjectTests/Info.plist;
				LD_RUNPATH_SEARCH_PATHS = "$(inherited) @executable_path/Frameworks @loader_path/Frameworks";
				PRODUCT_BUNDLE_IDENTIFIER = "com.tardis-cxx.TCPageViewProjectTests";
				PRODUCT_NAME = "$(TARGET_NAME)";
				SWIFT_VERSION = 3.0;
				TEST_HOST = "$(BUILT_PRODUCTS_DIR)/TCPageViewProject.app/TCPageViewProject";
			};
			name = Release;
		};
		509539A31EC309B100DD8D0A /* Debug */ = {
			isa = XCBuildConfiguration;
			buildSettings = {
				ALWAYS_EMBED_SWIFT_STANDARD_LIBRARIES = YES;
				INFOPLIST_FILE = TCPageViewProjectUITests/Info.plist;
				LD_RUNPATH_SEARCH_PATHS = "$(inherited) @executable_path/Frameworks @loader_path/Frameworks";
				PRODUCT_BUNDLE_IDENTIFIER = "com.tardis-cxx.TCPageViewProjectUITests";
				PRODUCT_NAME = "$(TARGET_NAME)";
				SWIFT_VERSION = 3.0;
				TEST_TARGET_NAME = TCPageViewProject;
			};
			name = Debug;
		};
		509539A41EC309B100DD8D0A /* Release */ = {
			isa = XCBuildConfiguration;
			buildSettings = {
				ALWAYS_EMBED_SWIFT_STANDARD_LIBRARIES = YES;
				INFOPLIST_FILE = TCPageViewProjectUITests/Info.plist;
				LD_RUNPATH_SEARCH_PATHS = "$(inherited) @executable_path/Frameworks @loader_path/Frameworks";
				PRODUCT_BUNDLE_IDENTIFIER = "com.tardis-cxx.TCPageViewProjectUITests";
				PRODUCT_NAME = "$(TARGET_NAME)";
				SWIFT_VERSION = 3.0;
				TEST_TARGET_NAME = TCPageViewProject;
			};
			name = Release;
		};
/* End XCBuildConfiguration section */

/* Begin XCConfigurationList section */
		5095396F1EC309B100DD8D0A /* Build configuration list for PBXProject "TCPageViewProject" */ = {
			isa = XCConfigurationList;
			buildConfigurations = (
				5095399A1EC309B100DD8D0A /* Debug */,
				5095399B1EC309B100DD8D0A /* Release */,
			);
			defaultConfigurationIsVisible = 0;
			defaultConfigurationName = Release;
		};
		5095399C1EC309B100DD8D0A /* Build configuration list for PBXNativeTarget "TCPageViewProject" */ = {
			isa = XCConfigurationList;
			buildConfigurations = (
				5095399D1EC309B100DD8D0A /* Debug */,
				5095399E1EC309B100DD8D0A /* Release */,
			);
			defaultConfigurationIsVisible = 0;
			defaultConfigurationName = Release;
		};
		5095399F1EC309B100DD8D0A /* Build configuration list for PBXNativeTarget "TCPageViewProjectTests" */ = {
			isa = XCConfigurationList;
			buildConfigurations = (
				509539A01EC309B100DD8D0A /* Debug */,
				509539A11EC309B100DD8D0A /* Release */,
			);
			defaultConfigurationIsVisible = 0;
			defaultConfigurationName = Release;
		};
		509539A21EC309B100DD8D0A /* Build configuration list for PBXNativeTarget "TCPageViewProjectUITests" */ = {
			isa = XCConfigurationList;
			buildConfigurations = (
				509539A31EC309B100DD8D0A /* Debug */,
				509539A41EC309B100DD8D0A /* Release */,
			);
			defaultConfigurationIsVisible = 0;
			defaultConfigurationName = Release;
		};
/* End XCConfigurationList section */
	};
	rootObject = 5095396C1EC309B100DD8D0A /* Project object */;
}
